
Microsoft Visual Studio Solution File, Format Version 12.00
# Visual Studio 14
VisualStudioVersion = 14.0.25123.0
MinimumVisualStudioVersion = 10.0.40219.1
Project("{FAE04EC0-301F-11D3-BF4B-00C04F79EFBC}") = "UtopishWinForm", "YtopishWinForm\UtopishWinForm.csproj", "{04081109-011B-40B0-83CE-1677C7B53DF2}"
EndProject
Project("{FAE04EC0-301F-11D3-BF4B-00C04F79EFBC}") = "TheGame", "TheGame\TheGame.csproj", "{A3EC86C8-7BEF-4A59-B520-53ABFC897D29}"
EndProject
Project("{FAE04EC0-301F-11D3-BF4B-00C04F79EFBC}") = "GameMaster", "GameMaster\GameMaster.csproj", "{37DBB0C1-0150-4C0E-9E3B-BAFFAD4F1419}"
EndProject
Global
	GlobalSection(SolutionConfigurationPlatforms) = preSolution
		Debug|Any CPU = Debug|Any CPU
		Release|Any CPU = Release|Any CPU
	EndGlobalSection
	GlobalSection(ProjectConfigurationPlatforms) = postSolution
		{04081109-011B-40B0-83CE-1677C7B53DF2}.Debug|Any CPU.ActiveCfg = Debug|Any CPU
		{04081109-011B-40B0-83CE-1677C7B53DF2}.Debug|Any CPU.Build.0 = Debug|Any CPU
		{04081109-011B-40B0-83CE-1677C7B53DF2}.Release|Any CPU.ActiveCfg = Release|Any CPU
		{04081109-011B-40B0-83CE-1677C7B53DF2}.Release|Any CPU.Build.0 = Release|Any CPU
		{A3EC86C8-7BEF-4A59-B520-53ABFC897D29}.Debug|Any CPU.ActiveCfg = Debug|Any CPU
		{A3EC86C8-7BEF-4A59-B520-53ABFC897D29}.Debug|Any CPU.Build.0 = Debug|Any CPU
		{A3EC86C8-7BEF-4A59-B520-53ABFC897D29}.Release|Any CPU.ActiveCfg = Release|Any CPU
		{A3EC86C8-7BEF-4A59-B520-53ABFC897D29}.Release|Any CPU.Build.0 = Release|Any CPU
		{37DBB0C1-0150-4C0E-9E3B-BAFFAD4F1419}.Debug|Any CPU.ActiveCfg = Debug|Any CPU
		{37DBB0C1-0150-4C0E-9E3B-BAFFAD4F1419}.Debug|Any CPU.Build.0 = Debug|Any CPU
		{37DBB0C1-0150-4C0E-9E3B-BAFFAD4F1419}.Release|Any CPU.ActiveCfg = Release|Any CPU
		{37DBB0C1-0150-4C0E-9E3B-BAFFAD4F1419}.Release|Any CPU.Build.0 = Release|Any CPU
	EndGlobalSection
	GlobalSection(SolutionProperties) = preSolution
		HideSolutionNode = FALSE
	EndGlobalSection
EndGlobal
